// !$*UTF8*$!
{
	archiveVersion = 1;
	classes = {
	};
	objectVersion = 56;
	objects = {

/* Begin PBXBuildFile section */
		44B640A82A287AEF00D49558 /* AppDelegate.swift in Sources */ = {isa = PBXBuildFile; fileRef = 44B640A72A287AEF00D49558 /* AppDelegate.swift */; };
		44B640AF2A287AEF00D49558 /* Main.storyboard in Resources */ = {isa = PBXBuildFile; fileRef = 44B640AD2A287AEF00D49558 /* Main.storyboard */; };
		44B640B12A287AF000D49558 /* Assets.xcassets in Resources */ = {isa = PBXBuildFile; fileRef = 44B640B02A287AF000D49558 /* Assets.xcassets */; };
		44B640B42A287AF000D49558 /* LaunchScreen.storyboard in Resources */ = {isa = PBXBuildFile; fileRef = 44B640B22A287AF000D49558 /* LaunchScreen.storyboard */; };
		44B640C02A287C9200D49558 /* Team.swift in Sources */ = {isa = PBXBuildFile; fileRef = 44B640BF2A287C9200D49558 /* Team.swift */; };
		44B640C22A287C9F00D49558 /* Fixture.swift in Sources */ = {isa = PBXBuildFile; fileRef = 44B640C12A287C9F00D49558 /* Fixture.swift */; };
		44B640C42A287CAC00D49558 /* Generator.swift in Sources */ = {isa = PBXBuildFile; fileRef = 44B640C32A287CAC00D49558 /* Generator.swift */; };
		44B640C62A287DAC00D49558 /* TeamCreatorController.swift in Sources */ = {isa = PBXBuildFile; fileRef = 44B640C52A287DAC00D49558 /* TeamCreatorController.swift */; };
		44B640C82A287DD500D49558 /* TeamStandingsController.swift in Sources */ = {isa = PBXBuildFile; fileRef = 44B640C72A287DD500D49558 /* TeamStandingsController.swift */; };
		44B640CA2A287DEB00D49558 /* TeamDetailsController.swift in Sources */ = {isa = PBXBuildFile; fileRef = 44B640C92A287DEB00D49558 /* TeamDetailsController.swift */; };
		44B640CC2A287E0A00D49558 /* UIStoryboard+Extensions.swift in Sources */ = {isa = PBXBuildFile; fileRef = 44B640CB2A287E0A00D49558 /* UIStoryboard+Extensions.swift */; };
		44B640CE2A287E2200D49558 /* UIViewController+Extensions.swift in Sources */ = {isa = PBXBuildFile; fileRef = 44B640CD2A287E2200D49558 /* UIViewController+Extensions.swift */; };
		44B640D02A287E3D00D49558 /* UIImage+Extensions.swift in Sources */ = {isa = PBXBuildFile; fileRef = 44B640CF2A287E3D00D49558 /* UIImage+Extensions.swift */; };
		44B640D22A287EA300D49558 /* UITableView+Extensions.swift in Sources */ = {isa = PBXBuildFile; fileRef = 44B640D12A287EA300D49558 /* UITableView+Extensions.swift */; };
		44B640D62A2886EE00D49558 /* UIView+Extensions.swift in Sources */ = {isa = PBXBuildFile; fileRef = 44B640D52A2886EE00D49558 /* UIView+Extensions.swift */; };
		44B640DA2A2890FF00D49558 /* TeamTCell.swift in Sources */ = {isa = PBXBuildFile; fileRef = 44B640D82A2890FF00D49558 /* TeamTCell.swift */; };
		44B640DB2A2890FF00D49558 /* TeamTCell.xib in Resources */ = {isa = PBXBuildFile; fileRef = 44B640D92A2890FF00D49558 /* TeamTCell.xib */; };
		44B640DF2A28927600D49558 /* Controller.swift in Sources */ = {isa = PBXBuildFile; fileRef = 44B640DE2A28927600D49558 /* Controller.swift */; };
		44B640E12A28A04600D49558 /* CostumFunctions.swift in Sources */ = {isa = PBXBuildFile; fileRef = 44B640E02A28A04600D49558 /* CostumFunctions.swift */; };
		44B640E32A28A0C900D49558 /* ShadowClasses.swift in Sources */ = {isa = PBXBuildFile; fileRef = 44B640E22A28A0C900D49558 /* ShadowClasses.swift */; };
		44B640E72A28A59200D49558 /* TeamTHeader.swift in Sources */ = {isa = PBXBuildFile; fileRef = 44B640E52A28A59200D49558 /* TeamTHeader.swift */; };
		44B640E82A28A59200D49558 /* TeamTHeader.xib in Resources */ = {isa = PBXBuildFile; fileRef = 44B640E62A28A59200D49558 /* TeamTHeader.xib */; };
/* End PBXBuildFile section */

/* Begin PBXFileReference section */
		44B640A42A287AEF00D49558 /* Dua Challenge.app */ = {isa = PBXFileReference; explicitFileType = wrapper.application; includeInIndex = 0; path = "Dua Challenge.app"; sourceTree = BUILT_PRODUCTS_DIR; };
		44B640A72A287AEF00D49558 /* AppDelegate.swift */ = {isa = PBXFileReference; lastKnownFileType = sourcecode.swift; path = AppDelegate.swift; sourceTree = "<group>"; };
		44B640AE2A287AEF00D49558 /* Base */ = {isa = PBXFileReference; lastKnownFileType = file.storyboard; name = Base; path = Base.lproj/Main.storyboard; sourceTree = "<group>"; };
		44B640B02A287AF000D49558 /* Assets.xcassets */ = {isa = PBXFileReference; lastKnownFileType = folder.assetcatalog; path = Assets.xcassets; sourceTree = "<group>"; };
		44B640B32A287AF000D49558 /* Base */ = {isa = PBXFileReference; lastKnownFileType = file.storyboard; name = Base; path = Base.lproj/LaunchScreen.storyboard; sourceTree = "<group>"; };
		44B640B52A287AF000D49558 /* Info.plist */ = {isa = PBXFileReference; lastKnownFileType = text.plist.xml; path = Info.plist; sourceTree = "<group>"; };
		44B640BF2A287C9200D49558 /* Team.swift */ = {isa = PBXFileReference; lastKnownFileType = sourcecode.swift; path = Team.swift; sourceTree = "<group>"; };
		44B640C12A287C9F00D49558 /* Fixture.swift */ = {isa = PBXFileReference; lastKnownFileType = sourcecode.swift; path = Fixture.swift; sourceTree = "<group>"; };
		44B640C32A287CAC00D49558 /* Generator.swift */ = {isa = PBXFileReference; lastKnownFileType = sourcecode.swift; path = Generator.swift; sourceTree = "<group>"; };
		44B640C52A287DAC00D49558 /* TeamCreatorController.swift */ = {isa = PBXFileReference; lastKnownFileType = sourcecode.swift; path = TeamCreatorController.swift; sourceTree = "<group>"; };
		44B640C72A287DD500D49558 /* TeamStandingsController.swift */ = {isa = PBXFileReference; lastKnownFileType = sourcecode.swift; path = TeamStandingsController.swift; sourceTree = "<group>"; };
		44B640C92A287DEB00D49558 /* TeamDetailsController.swift */ = {isa = PBXFileReference; lastKnownFileType = sourcecode.swift; path = TeamDetailsController.swift; sourceTree = "<group>"; };
		44B640CB2A287E0A00D49558 /* UIStoryboard+Extensions.swift */ = {isa = PBXFileReference; lastKnownFileType = sourcecode.swift; path = "UIStoryboard+Extensions.swift"; sourceTree = "<group>"; };
		44B640CD2A287E2200D49558 /* UIViewController+Extensions.swift */ = {isa = PBXFileReference; lastKnownFileType = sourcecode.swift; path = "UIViewController+Extensions.swift"; sourceTree = "<group>"; };
		44B640CF2A287E3D00D49558 /* UIImage+Extensions.swift */ = {isa = PBXFileReference; lastKnownFileType = sourcecode.swift; path = "UIImage+Extensions.swift"; sourceTree = "<group>"; };
		44B640D12A287EA300D49558 /* UITableView+Extensions.swift */ = {isa = PBXFileReference; lastKnownFileType = sourcecode.swift; path = "UITableView+Extensions.swift"; sourceTree = "<group>"; };
		44B640D52A2886EE00D49558 /* UIView+Extensions.swift */ = {isa = PBXFileReference; lastKnownFileType = sourcecode.swift; path = "UIView+Extensions.swift"; sourceTree = "<group>"; };
		44B640D82A2890FF00D49558 /* TeamTCell.swift */ = {isa = PBXFileReference; fileEncoding = 4; lastKnownFileType = sourcecode.swift; path = TeamTCell.swift; sourceTree = "<group>"; };
		44B640D92A2890FF00D49558 /* TeamTCell.xib */ = {isa = PBXFileReference; fileEncoding = 4; lastKnownFileType = file.xib; path = TeamTCell.xib; sourceTree = "<group>"; };
		44B640DE2A28927600D49558 /* Controller.swift */ = {isa = PBXFileReference; lastKnownFileType = sourcecode.swift; path = Controller.swift; sourceTree = "<group>"; };
		44B640E02A28A04600D49558 /* CostumFunctions.swift */ = {isa = PBXFileReference; lastKnownFileType = sourcecode.swift; path = CostumFunctions.swift; sourceTree = "<group>"; };
		44B640E22A28A0C900D49558 /* ShadowClasses.swift */ = {isa = PBXFileReference; lastKnownFileType = sourcecode.swift; path = ShadowClasses.swift; sourceTree = "<group>"; };
		44B640E52A28A59200D49558 /* TeamTHeader.swift */ = {isa = PBXFileReference; lastKnownFileType = sourcecode.swift; path = TeamTHeader.swift; sourceTree = "<group>"; };
		44B640E62A28A59200D49558 /* TeamTHeader.xib */ = {isa = PBXFileReference; lastKnownFileType = file.xib; path = TeamTHeader.xib; sourceTree = "<group>"; };
/* End PBXFileReference section */

/* Begin PBXFrameworksBuildPhase section */
		44B640A12A287AEF00D49558 /* Frameworks */ = {
			isa = PBXFrameworksBuildPhase;
			buildActionMask = 2147483647;
			files = (
			);
			runOnlyForDeploymentPostprocessing = 0;
		};
/* End PBXFrameworksBuildPhase section */

/* Begin PBXGroup section */
		44B6409B2A287AEF00D49558 = {
			isa = PBXGroup;
			children = (
				44B640A62A287AEF00D49558 /* Dua Challenge */,
				44B640A52A287AEF00D49558 /* Products */,
			);
			sourceTree = "<group>";
		};
		44B640A52A287AEF00D49558 /* Products */ = {
			isa = PBXGroup;
			children = (
				44B640A42A287AEF00D49558 /* Dua Challenge.app */,
			);
			name = Products;
			sourceTree = "<group>";
		};
		44B640A62A287AEF00D49558 /* Dua Challenge */ = {
			isa = PBXGroup;
			children = (
				44B640B52A287AF000D49558 /* Info.plist */,
				44B640B02A287AF000D49558 /* Assets.xcassets */,
				44B640BC2A287BEA00D49558 /* App Core */,
				44B640BD2A287C3300D49558 /* Main */,
				44B640BE2A287C6700D49558 /* Models */,
				44B640DD2A28925B00D49558 /* Helpers */,
				44B640BB2A287BC100D49558 /* Extensions */,
			);
			path = "Dua Challenge";
			sourceTree = "<group>";
		};
		44B640BB2A287BC100D49558 /* Extensions */ = {
			isa = PBXGroup;
			children = (
				44B640E02A28A04600D49558 /* CostumFunctions.swift */,
				44B640CB2A287E0A00D49558 /* UIStoryboard+Extensions.swift */,
				44B640CD2A287E2200D49558 /* UIViewController+Extensions.swift */,
				44B640D12A287EA300D49558 /* UITableView+Extensions.swift */,
				44B640D52A2886EE00D49558 /* UIView+Extensions.swift */,
				44B640CF2A287E3D00D49558 /* UIImage+Extensions.swift */,
			);
			path = Extensions;
			sourceTree = "<group>";
		};
		44B640BC2A287BEA00D49558 /* App Core */ = {
			isa = PBXGroup;
			children = (
				44B640A72A287AEF00D49558 /* AppDelegate.swift */,
				44B640B22A287AF000D49558 /* LaunchScreen.storyboard */,
			);
			path = "App Core";
			sourceTree = "<group>";
		};
		44B640BD2A287C3300D49558 /* Main */ = {
			isa = PBXGroup;
			children = (
				44B640AD2A287AEF00D49558 /* Main.storyboard */,
				44B640C52A287DAC00D49558 /* TeamCreatorController.swift */,
				44B640C72A287DD500D49558 /* TeamStandingsController.swift */,
				44B640C92A287DEB00D49558 /* TeamDetailsController.swift */,
				44B640DC2A28912000D49558 /* Cells */,
			);
			path = Main;
			sourceTree = "<group>";
		};
		44B640BE2A287C6700D49558 /* Models */ = {
			isa = PBXGroup;
			children = (
				44B640BF2A287C9200D49558 /* Team.swift */,
				44B640C12A287C9F00D49558 /* Fixture.swift */,
				44B640C32A287CAC00D49558 /* Generator.swift */,
			);
			path = Models;
			sourceTree = "<group>";
		};
		44B640D72A2890FF00D49558 /* TeamTCell */ = {
			isa = PBXGroup;
			children = (
				44B640D82A2890FF00D49558 /* TeamTCell.swift */,
				44B640D92A2890FF00D49558 /* TeamTCell.xib */,
			);
			path = TeamTCell;
			sourceTree = "<group>";
		};
		44B640DC2A28912000D49558 /* Cells */ = {
			isa = PBXGroup;
			children = (
				44B640E42A28A55700D49558 /* TeamTHeader */,
				44B640D72A2890FF00D49558 /* TeamTCell */,
			);
			path = Cells;
			sourceTree = "<group>";
		};
		44B640DD2A28925B00D49558 /* Helpers */ = {
			isa = PBXGroup;
			children = (
				44B640DE2A28927600D49558 /* Controller.swift */,
				44B640E22A28A0C900D49558 /* ShadowClasses.swift */,
			);
			path = Helpers;
			sourceTree = "<group>";
		};
		44B640E42A28A55700D49558 /* TeamTHeader */ = {
			isa = PBXGroup;
			children = (
				44B640E52A28A59200D49558 /* TeamTHeader.swift */,
				44B640E62A28A59200D49558 /* TeamTHeader.xib */,
			);
			path = TeamTHeader;
			sourceTree = "<group>";
		};
/* End PBXGroup section */

/* Begin PBXNativeTarget section */
		44B640A32A287AEF00D49558 /* Dua Challenge */ = {
			isa = PBXNativeTarget;
			buildConfigurationList = 44B640B82A287AF000D49558 /* Build configuration list for PBXNativeTarget "Dua Challenge" */;
			buildPhases = (
				44B640A02A287AEF00D49558 /* Sources */,
				44B640A12A287AEF00D49558 /* Frameworks */,
				44B640A22A287AEF00D49558 /* Resources */,
			);
			buildRules = (
			);
			dependencies = (
			);
			name = "Dua Challenge";
			productName = "Dua Challenge";
			productReference = 44B640A42A287AEF00D49558 /* Dua Challenge.app */;
			productType = "com.apple.product-type.application";
		};
/* End PBXNativeTarget section */

/* Begin PBXProject section */
		44B6409C2A287AEF00D49558 /* Project object */ = {
			isa = PBXProject;
			attributes = {
				BuildIndependentTargetsInParallel = 1;
				LastSwiftUpdateCheck = 1430;
				LastUpgradeCheck = 1430;
				TargetAttributes = {
					44B640A32A287AEF00D49558 = {
						CreatedOnToolsVersion = 14.3;
					};
				};
			};
			buildConfigurationList = 44B6409F2A287AEF00D49558 /* Build configuration list for PBXProject "Dua Challenge" */;
			compatibilityVersion = "Xcode 14.0";
			developmentRegion = en;
			hasScannedForEncodings = 0;
			knownRegions = (
				en,
				Base,
			);
			mainGroup = 44B6409B2A287AEF00D49558;
			productRefGroup = 44B640A52A287AEF00D49558 /* Products */;
			projectDirPath = "";
			projectRoot = "";
			targets = (
				44B640A32A287AEF00D49558 /* Dua Challenge */,
			);
		};
/* End PBXProject section */

/* Begin PBXResourcesBuildPhase section */
		44B640A22A287AEF00D49558 /* Resources */ = {
			isa = PBXResourcesBuildPhase;
			buildActionMask = 2147483647;
			files = (
				44B640B42A287AF000D49558 /* LaunchScreen.storyboard in Resources */,
				44B640E82A28A59200D49558 /* TeamTHeader.xib in Resources */,
				44B640DB2A2890FF00D49558 /* TeamTCell.xib in Resources */,
				44B640B12A287AF000D49558 /* Assets.xcassets in Resources */,
				44B640AF2A287AEF00D49558 /* Main.storyboard in Resources */,
			);
			runOnlyForDeploymentPostprocessing = 0;
		};
/* End PBXResourcesBuildPhase section */

/* Begin PBXSourcesBuildPhase section */
		44B640A02A287AEF00D49558 /* Sources */ = {
			isa = PBXSourcesBuildPhase;
			buildActionMask = 2147483647;
			files = (
				44B640DF2A28927600D49558 /* Controller.swift in Sources */,
				44B640C62A287DAC00D49558 /* TeamCreatorController.swift in Sources */,
				44B640C02A287C9200D49558 /* Team.swift in Sources */,
				44B640CC2A287E0A00D49558 /* UIStoryboard+Extensions.swift in Sources */,
				44B640E12A28A04600D49558 /* CostumFunctions.swift in Sources */,
				44B640CA2A287DEB00D49558 /* TeamDetailsController.swift in Sources */,
				44B640CE2A287E2200D49558 /* UIViewController+Extensions.swift in Sources */,
				44B640D62A2886EE00D49558 /* UIView+Extensions.swift in Sources */,
				44B640E72A28A59200D49558 /* TeamTHeader.swift in Sources */,
				44B640C82A287DD500D49558 /* TeamStandingsController.swift in Sources */,
				44B640A82A287AEF00D49558 /* AppDelegate.swift in Sources */,
				44B640DA2A2890FF00D49558 /* TeamTCell.swift in Sources */,
				44B640D22A287EA300D49558 /* UITableView+Extensions.swift in Sources */,
				44B640D02A287E3D00D49558 /* UIImage+Extensions.swift in Sources */,
				44B640E32A28A0C900D49558 /* ShadowClasses.swift in Sources */,
				44B640C22A287C9F00D49558 /* Fixture.swift in Sources */,
				44B640C42A287CAC00D49558 /* Generator.swift in Sources */,
			);
			runOnlyForDeploymentPostprocessing = 0;
		};
/* End PBXSourcesBuildPhase section */

/* Begin PBXVariantGroup section */
		44B640AD2A287AEF00D49558 /* Main.storyboard */ = {
			isa = PBXVariantGroup;
			children = (
				44B640AE2A287AEF00D49558 /* Base */,
			);
			name = Main.storyboard;
			sourceTree = "<group>";
		};
		44B640B22A287AF000D49558 /* LaunchScreen.storyboard */ = {
			isa = PBXVariantGroup;
			children = (
				44B640B32A287AF000D49558 /* Base */,
			);
			name = LaunchScreen.storyboard;
			sourceTree = "<group>";
		};
/* End PBXVariantGroup section */

/* Begin XCBuildConfiguration section */
		44B640B62A287AF000D49558 /* Debug */ = {
			isa = XCBuildConfiguration;
			buildSettings = {
				ALWAYS_SEARCH_USER_PATHS = NO;
				CLANG_ANALYZER_NONNULL = YES;
				CLANG_ANALYZER_NUMBER_OBJECT_CONVERSION = YES_AGGRESSIVE;
				CLANG_CXX_LANGUAGE_STANDARD = "gnu++20";
				CLANG_ENABLE_MODULES = YES;
				CLANG_ENABLE_OBJC_ARC = YES;
				CLANG_ENABLE_OBJC_WEAK = YES;
				CLANG_WARN_BLOCK_CAPTURE_AUTORELEASING = YES;
				CLANG_WARN_BOOL_CONVERSION = YES;
				CLANG_WARN_COMMA = YES;
				CLANG_WARN_CONSTANT_CONVERSION = YES;
				CLANG_WARN_DEPRECATED_OBJC_IMPLEMENTATIONS = YES;
				CLANG_WARN_DIRECT_OBJC_ISA_USAGE = YES_ERROR;
				CLANG_WARN_DOCUMENTATION_COMMENTS = YES;
				CLANG_WARN_EMPTY_BODY = YES;
				CLANG_WARN_ENUM_CONVERSION = YES;
				CLANG_WARN_INFINITE_RECURSION = YES;
				CLANG_WARN_INT_CONVERSION = YES;
				CLANG_WARN_NON_LITERAL_NULL_CONVERSION = YES;
				CLANG_WARN_OBJC_IMPLICIT_RETAIN_SELF = YES;
				CLANG_WARN_OBJC_LITERAL_CONVERSION = YES;
				CLANG_WARN_OBJC_ROOT_CLASS = YES_ERROR;
				CLANG_WARN_QUOTED_INCLUDE_IN_FRAMEWORK_HEADER = YES;
				CLANG_WARN_RANGE_LOOP_ANALYSIS = YES;
				CLANG_WARN_STRICT_PROTOTYPES = YES;
				CLANG_WARN_SUSPICIOUS_MOVE = YES;
				CLANG_WARN_UNGUARDED_AVAILABILITY = YES_AGGRESSIVE;
				CLANG_WARN_UNREACHABLE_CODE = YES;
				CLANG_WARN__DUPLICATE_METHOD_MATCH = YES;
				COPY_PHASE_STRIP = NO;
				DEBUG_INFORMATION_FORMAT = dwarf;
				ENABLE_STRICT_OBJC_MSGSEND = YES;
				ENABLE_TESTABILITY = YES;
				GCC_C_LANGUAGE_STANDARD = gnu11;
				GCC_DYNAMIC_NO_PIC = NO;
				GCC_NO_COMMON_BLOCKS = YES;
				GCC_OPTIMIZATION_LEVEL = 0;
				GCC_PREPROCESSOR_DEFINITIONS = (
					"DEBUG=1",
					"$(inherited)",
				);
				GCC_WARN_64_TO_32_BIT_CONVERSION = YES;
				GCC_WARN_ABOUT_RETURN_TYPE = YES_ERROR;
				GCC_WARN_UNDECLARED_SELECTOR = YES;
				GCC_WARN_UNINITIALIZED_AUTOS = YES_AGGRESSIVE;
				GCC_WARN_UNUSED_FUNCTION = YES;
				GCC_WARN_UNUSED_VARIABLE = YES;
				IPHONEOS_DEPLOYMENT_TARGET = 16.4;
				MTL_ENABLE_DEBUG_INFO = INCLUDE_SOURCE;
				MTL_FAST_MATH = YES;
				ONLY_ACTIVE_ARCH = YES;
				SDKROOT = iphoneos;
				SWIFT_ACTIVE_COMPILATION_CONDITIONS = DEBUG;
				SWIFT_OPTIMIZATION_LEVEL = "-Onone";
			};
			name = Debug;
		};
		44B640B72A287AF000D49558 /* Release */ = {
			isa = XCBuildConfiguration;
			buildSettings = {
				ALWAYS_SEARCH_USER_PATHS = NO;
				CLANG_ANALYZER_NONNULL = YES;
				CLANG_ANALYZER_NUMBER_OBJECT_CONVERSION = YES_AGGRESSIVE;
				CLANG_CXX_LANGUAGE_STANDARD = "gnu++20";
				CLANG_ENABLE_MODULES = YES;
				CLANG_ENABLE_OBJC_ARC = YES;
				CLANG_ENABLE_OBJC_WEAK = YES;
				CLANG_WARN_BLOCK_CAPTURE_AUTORELEASING = YES;
				CLANG_WARN_BOOL_CONVERSION = YES;
				CLANG_WARN_COMMA = YES;
				CLANG_WARN_CONSTANT_CONVERSION = YES;
				CLANG_WARN_DEPRECATED_OBJC_IMPLEMENTATIONS = YES;
				CLANG_WARN_DIRECT_OBJC_ISA_USAGE = YES_ERROR;
				CLANG_WARN_DOCUMENTATION_COMMENTS = YES;
				CLANG_WARN_EMPTY_BODY = YES;
				CLANG_WARN_ENUM_CONVERSION = YES;
				CLANG_WARN_INFINITE_RECURSION = YES;
				CLANG_WARN_INT_CONVERSION = YES;
				CLANG_WARN_NON_LITERAL_NULL_CONVERSION = YES;
				CLANG_WARN_OBJC_IMPLICIT_RETAIN_SELF = YES;
				CLANG_WARN_OBJC_LITERAL_CONVERSION = YES;
				CLANG_WARN_OBJC_ROOT_CLASS = YES_ERROR;
				CLANG_WARN_QUOTED_INCLUDE_IN_FRAMEWORK_HEADER = YES;
				CLANG_WARN_RANGE_LOOP_ANALYSIS = YES;
				CLANG_WARN_STRICT_PROTOTYPES = YES;
				CLANG_WARN_SUSPICIOUS_MOVE = YES;
				CLANG_WARN_UNGUARDED_AVAILABILITY = YES_AGGRESSIVE;
				CLANG_WARN_UNREACHABLE_CODE = YES;
				CLANG_WARN__DUPLICATE_METHOD_MATCH = YES;
				COPY_PHASE_STRIP = NO;
				DEBUG_INFORMATION_FORMAT = "dwarf-with-dsym";
				ENABLE_NS_ASSERTIONS = NO;
				ENABLE_STRICT_OBJC_MSGSEND = YES;
				GCC_C_LANGUAGE_STANDARD = gnu11;
				GCC_NO_COMMON_BLOCKS = YES;
				GCC_WARN_64_TO_32_BIT_CONVERSION = YES;
				GCC_WARN_ABOUT_RETURN_TYPE = YES_ERROR;
				GCC_WARN_UNDECLARED_SELECTOR = YES;
				GCC_WARN_UNINITIALIZED_AUTOS = YES_AGGRESSIVE;
				GCC_WARN_UNUSED_FUNCTION = YES;
				GCC_WARN_UNUSED_VARIABLE = YES;
				IPHONEOS_DEPLOYMENT_TARGET = 16.4;
				MTL_ENABLE_DEBUG_INFO = NO;
				MTL_FAST_MATH = YES;
				SDKROOT = iphoneos;
				SWIFT_COMPILATION_MODE = wholemodule;
				SWIFT_OPTIMIZATION_LEVEL = "-O";
				VALIDATE_PRODUCT = YES;
			};
			name = Release;
		};
		44B640B92A287AF000D49558 /* Debug */ = {
			isa = XCBuildConfiguration;
			buildSettings = {
				ASSETCATALOG_COMPILER_APPICON_NAME = AppIcon;
				ASSETCATALOG_COMPILER_GLOBAL_ACCENT_COLOR_NAME = AccentColor;
				CODE_SIGN_STYLE = Automatic;
				CURRENT_PROJECT_VERSION = 1;
				DEVELOPMENT_TEAM = Y2C6Y92T9B;
				GENERATE_INFOPLIST_FILE = YES;
				INFOPLIST_FILE = "Dua Challenge/Info.plist";
				INFOPLIST_KEY_UIApplicationSupportsIndirectInputEvents = YES;
				INFOPLIST_KEY_UILaunchStoryboardName = LaunchScreen;
				INFOPLIST_KEY_UIMainStoryboardFile = Main;
				INFOPLIST_KEY_UIRequiresFullScreen = YES;
				INFOPLIST_KEY_UISupportedInterfaceOrientations = UIInterfaceOrientationPortrait;
				IPHONEOS_DEPLOYMENT_TARGET = 14.0;
				LD_RUNPATH_SEARCH_PATHS = (
					"$(inherited)",
					"@executable_path/Frameworks",
				);
				MARKETING_VERSION = 1.0;
				PRODUCT_BUNDLE_IDENTIFIER = "co.edi.Dua-Challenge";
				PRODUCT_NAME = "$(TARGET_NAME)";
				SWIFT_EMIT_LOC_STRINGS = YES;
				SWIFT_VERSION = 5.0;
				TARGETED_DEVICE_FAMILY = "1,2";
			};
			name = Debug;
		};
		44B640BA2A287AF000D49558 /* Release */ = {
			isa = XCBuildConfiguration;
			buildSettings = {
				ASSETCATALOG_COMPILER_APPICON_NAME = AppIcon;
				ASSETCATALOG_COMPILER_GLOBAL_ACCENT_COLOR_NAME = AccentColor;
				CODE_SIGN_STYLE = Automatic;
				CURRENT_PROJECT_VERSION = 1;
				DEVELOPMENT_TEAM = Y2C6Y92T9B;
				GENERATE_INFOPLIST_FILE = YES;
				INFOPLIST_FILE = "Dua Challenge/Info.plist";
				INFOPLIST_KEY_UIApplicationSupportsIndirectInputEvents = YES;
				INFOPLIST_KEY_UILaunchStoryboardName = LaunchScreen;
				INFOPLIST_KEY_UIMainStoryboardFile = Main;
				INFOPLIST_KEY_UIRequiresFullScreen = YES;
				INFOPLIST_KEY_UISupportedInterfaceOrientations = UIInterfaceOrientationPortrait;
				IPHONEOS_DEPLOYMENT_TARGET = 14.0;
				LD_RUNPATH_SEARCH_PATHS = (
					"$(inherited)",
					"@executable_path/Frameworks",
				);
				MARKETING_VERSION = 1.0;
				PRODUCT_BUNDLE_IDENTIFIER = "co.edi.Dua-Challenge";
				PRODUCT_NAME = "$(TARGET_NAME)";
				SWIFT_EMIT_LOC_STRINGS = YES;
				SWIFT_VERSION = 5.0;
				TARGETED_DEVICE_FAMILY = "1,2";
			};
			name = Release;
		};
/* End XCBuildConfiguration section */

/* Begin XCConfigurationList section */
		44B6409F2A287AEF00D49558 /* Build configuration list for PBXProject "Dua Challenge" */ = {
			isa = XCConfigurationList;
			buildConfigurations = (
				44B640B62A287AF000D49558 /* Debug */,
				44B640B72A287AF000D49558 /* Release */,
			);
			defaultConfigurationIsVisible = 0;
			defaultConfigurationName = Release;
		};
		44B640B82A287AF000D49558 /* Build configuration list for PBXNativeTarget "Dua Challenge" */ = {
			isa = XCConfigurationList;
			buildConfigurations = (
				44B640B92A287AF000D49558 /* Debug */,
				44B640BA2A287AF000D49558 /* Release */,
			);
			defaultConfigurationIsVisible = 0;
			defaultConfigurationName = Release;
		};
/* End XCConfigurationList section */
	};
	rootObject = 44B6409C2A287AEF00D49558 /* Project object */;
}
